// !$*UTF8*$!
{
	archiveVersion = 1;
	classes = {
	};
	objectVersion = 50;
	objects = {

/* Begin PBXBuildFile section */
		AC3F97B6220DE9E800826C64 /* EmailViewController.swift in Sources */ = {isa = PBXBuildFile; fileRef = AC3F97B5220DE9E800826C64 /* EmailViewController.swift */; };
		AC3F97B9220E035500826C64 /* MessageUI.framework in Frameworks */ = {isa = PBXBuildFile; fileRef = AC3F97B8220E035500826C64 /* MessageUI.framework */; };
		AC3F97BC220E045F00826C64 /* SocialTableViewController.swift in Sources */ = {isa = PBXBuildFile; fileRef = AC3F97BB220E045F00826C64 /* SocialTableViewController.swift */; };
		AC3F97BE220E047200826C64 /* SocialTableViewCell.swift in Sources */ = {isa = PBXBuildFile; fileRef = AC3F97BD220E047200826C64 /* SocialTableViewCell.swift */; };
		AC3F97C0220E048600826C64 /* SocialViewController.swift in Sources */ = {isa = PBXBuildFile; fileRef = AC3F97BF220E048600826C64 /* SocialViewController.swift */; };
		AC3F97C2220E071100826C64 /* socialList.plist in Resources */ = {isa = PBXBuildFile; fileRef = AC3F97C1220E071100826C64 /* socialList.plist */; };
		AC9D6731220CB6AC00F2F93D /* AppDelegate.swift in Sources */ = {isa = PBXBuildFile; fileRef = AC9D6730220CB6AC00F2F93D /* AppDelegate.swift */; };
		AC9D6733220CB6AC00F2F93D /* ViewController.swift in Sources */ = {isa = PBXBuildFile; fileRef = AC9D6732220CB6AC00F2F93D /* ViewController.swift */; };
		AC9D6736220CB6AC00F2F93D /* Main.storyboard in Resources */ = {isa = PBXBuildFile; fileRef = AC9D6734220CB6AC00F2F93D /* Main.storyboard */; };
		AC9D6738220CB6AE00F2F93D /* Assets.xcassets in Resources */ = {isa = PBXBuildFile; fileRef = AC9D6737220CB6AE00F2F93D /* Assets.xcassets */; };
		AC9D673B220CB6AE00F2F93D /* LaunchScreen.storyboard in Resources */ = {isa = PBXBuildFile; fileRef = AC9D6739220CB6AE00F2F93D /* LaunchScreen.storyboard */; };
		AC9D6744220CBA7300F2F93D /* ServicesTableViewController.swift in Sources */ = {isa = PBXBuildFile; fileRef = AC9D6743220CBA7300F2F93D /* ServicesTableViewController.swift */; };
		AC9D6746220CBA8600F2F93D /* ServicesTableViewCell.swift in Sources */ = {isa = PBXBuildFile; fileRef = AC9D6745220CBA8600F2F93D /* ServicesTableViewCell.swift */; };
		AC9D6748220CBB1500F2F93D /* serviceList.plist in Resources */ = {isa = PBXBuildFile; fileRef = AC9D6747220CBB1500F2F93D /* serviceList.plist */; };
		AC9D674A220CBBC200F2F93D /* ServicesViewController.swift in Sources */ = {isa = PBXBuildFile; fileRef = AC9D6749220CBBC200F2F93D /* ServicesViewController.swift */; };
		AC9D674D220CD9C800F2F93D /* PortfolioCollectionViewCell.swift in Sources */ = {isa = PBXBuildFile; fileRef = AC9D674C220CD9C800F2F93D /* PortfolioCollectionViewCell.swift */; };
		AC9D674F220CDA1A00F2F93D /* PortfolioUICollectionViewController.swift in Sources */ = {isa = PBXBuildFile; fileRef = AC9D674E220CDA1A00F2F93D /* PortfolioUICollectionViewController.swift */; };
		AC9D6752220CDF0D00F2F93D /* ContactUsViewController.swift in Sources */ = {isa = PBXBuildFile; fileRef = AC9D6751220CDF0D00F2F93D /* ContactUsViewController.swift */; };
		AC9D6755220CDF3000F2F93D /* AboutUsViewController.swift in Sources */ = {isa = PBXBuildFile; fileRef = AC9D6754220CDF3000F2F93D /* AboutUsViewController.swift */; };
/* End PBXBuildFile section */

/* Begin PBXFileReference section */
		AC3F97B5220DE9E800826C64 /* EmailViewController.swift */ = {isa = PBXFileReference; lastKnownFileType = sourcecode.swift; path = EmailViewController.swift; sourceTree = "<group>"; };
		AC3F97B8220E035500826C64 /* MessageUI.framework */ = {isa = PBXFileReference; lastKnownFileType = wrapper.framework; name = MessageUI.framework; path = System/Library/Frameworks/MessageUI.framework; sourceTree = SDKROOT; };
		AC3F97BB220E045F00826C64 /* SocialTableViewController.swift */ = {isa = PBXFileReference; lastKnownFileType = sourcecode.swift; path = SocialTableViewController.swift; sourceTree = "<group>"; };
		AC3F97BD220E047200826C64 /* SocialTableViewCell.swift */ = {isa = PBXFileReference; lastKnownFileType = sourcecode.swift; path = SocialTableViewCell.swift; sourceTree = "<group>"; };
		AC3F97BF220E048600826C64 /* SocialViewController.swift */ = {isa = PBXFileReference; lastKnownFileType = sourcecode.swift; path = SocialViewController.swift; sourceTree = "<group>"; };
		AC3F97C1220E071100826C64 /* socialList.plist */ = {isa = PBXFileReference; lastKnownFileType = text.plist.xml; path = socialList.plist; sourceTree = "<group>"; };
		AC9D672D220CB6AC00F2F93D /* Business App practice.app */ = {isa = PBXFileReference; explicitFileType = wrapper.application; includeInIndex = 0; path = "Business App practice.app"; sourceTree = BUILT_PRODUCTS_DIR; };
		AC9D6730220CB6AC00F2F93D /* AppDelegate.swift */ = {isa = PBXFileReference; lastKnownFileType = sourcecode.swift; path = AppDelegate.swift; sourceTree = "<group>"; };
		AC9D6732220CB6AC00F2F93D /* ViewController.swift */ = {isa = PBXFileReference; lastKnownFileType = sourcecode.swift; path = ViewController.swift; sourceTree = "<group>"; };
		AC9D6735220CB6AC00F2F93D /* Base */ = {isa = PBXFileReference; lastKnownFileType = file.storyboard; name = Base; path = Base.lproj/Main.storyboard; sourceTree = "<group>"; };
		AC9D6737220CB6AE00F2F93D /* Assets.xcassets */ = {isa = PBXFileReference; lastKnownFileType = folder.assetcatalog; path = Assets.xcassets; sourceTree = "<group>"; };
		AC9D673A220CB6AE00F2F93D /* Base */ = {isa = PBXFileReference; lastKnownFileType = file.storyboard; name = Base; path = Base.lproj/LaunchScreen.storyboard; sourceTree = "<group>"; };
		AC9D673C220CB6AE00F2F93D /* Info.plist */ = {isa = PBXFileReference; lastKnownFileType = text.plist.xml; path = Info.plist; sourceTree = "<group>"; };
		AC9D6743220CBA7300F2F93D /* ServicesTableViewController.swift */ = {isa = PBXFileReference; lastKnownFileType = sourcecode.swift; path = ServicesTableViewController.swift; sourceTree = "<group>"; };
		AC9D6745220CBA8600F2F93D /* ServicesTableViewCell.swift */ = {isa = PBXFileReference; lastKnownFileType = sourcecode.swift; path = ServicesTableViewCell.swift; sourceTree = "<group>"; };
		AC9D6747220CBB1500F2F93D /* serviceList.plist */ = {isa = PBXFileReference; lastKnownFileType = text.plist.xml; path = serviceList.plist; sourceTree = "<group>"; };
		AC9D6749220CBBC200F2F93D /* ServicesViewController.swift */ = {isa = PBXFileReference; lastKnownFileType = sourcecode.swift; path = ServicesViewController.swift; sourceTree = "<group>"; };
		AC9D674C220CD9C800F2F93D /* PortfolioCollectionViewCell.swift */ = {isa = PBXFileReference; lastKnownFileType = sourcecode.swift; path = PortfolioCollectionViewCell.swift; sourceTree = "<group>"; };
		AC9D674E220CDA1A00F2F93D /* PortfolioUICollectionViewController.swift */ = {isa = PBXFileReference; lastKnownFileType = sourcecode.swift; path = PortfolioUICollectionViewController.swift; sourceTree = "<group>"; };
		AC9D6751220CDF0D00F2F93D /* ContactUsViewController.swift */ = {isa = PBXFileReference; lastKnownFileType = sourcecode.swift; path = ContactUsViewController.swift; sourceTree = "<group>"; };
		AC9D6754220CDF3000F2F93D /* AboutUsViewController.swift */ = {isa = PBXFileReference; lastKnownFileType = sourcecode.swift; path = AboutUsViewController.swift; sourceTree = "<group>"; };
/* End PBXFileReference section */

/* Begin PBXFrameworksBuildPhase section */
		AC9D672A220CB6AC00F2F93D /* Frameworks */ = {
			isa = PBXFrameworksBuildPhase;
			buildActionMask = 2147483647;
			files = (
				AC3F97B9220E035500826C64 /* MessageUI.framework in Frameworks */,
			);
			runOnlyForDeploymentPostprocessing = 0;
		};
/* End PBXFrameworksBuildPhase section */

/* Begin PBXGroup section */
		AC3F97B7220E035500826C64 /* Frameworks */ = {
			isa = PBXGroup;
			children = (
				AC3F97B8220E035500826C64 /* MessageUI.framework */,
			);
			name = Frameworks;
			sourceTree = "<group>";
		};
		AC3F97BA220E044500826C64 /* Social */ = {
			isa = PBXGroup;
			children = (
				AC3F97BB220E045F00826C64 /* SocialTableViewController.swift */,
				AC3F97BD220E047200826C64 /* SocialTableViewCell.swift */,
				AC3F97BF220E048600826C64 /* SocialViewController.swift */,
				AC3F97C1220E071100826C64 /* socialList.plist */,
			);
			path = Social;
			sourceTree = "<group>";
		};
		AC9D6724220CB6AC00F2F93D = {
			isa = PBXGroup;
			children = (
				AC9D672F220CB6AC00F2F93D /* Business App practice */,
				AC9D672E220CB6AC00F2F93D /* Products */,
				AC3F97B7220E035500826C64 /* Frameworks */,
			);
			sourceTree = "<group>";
		};
		AC9D672E220CB6AC00F2F93D /* Products */ = {
			isa = PBXGroup;
			children = (
				AC9D672D220CB6AC00F2F93D /* Business App practice.app */,
			);
			name = Products;
			sourceTree = "<group>";
		};
		AC9D672F220CB6AC00F2F93D /* Business App practice */ = {
			isa = PBXGroup;
			children = (
				AC3F97BA220E044500826C64 /* Social */,
				AC9D6753220CDF2100F2F93D /* About Us */,
				AC9D6750220CDEFB00F2F93D /* ContactUs */,
				AC9D674B220CD9AB00F2F93D /* Portfolio */,
				AC9D6742220CBA5800F2F93D /* Services */,
				AC9D6730220CB6AC00F2F93D /* AppDelegate.swift */,
				AC9D6732220CB6AC00F2F93D /* ViewController.swift */,
				AC9D6734220CB6AC00F2F93D /* Main.storyboard */,
				AC9D6737220CB6AE00F2F93D /* Assets.xcassets */,
				AC9D6739220CB6AE00F2F93D /* LaunchScreen.storyboard */,
				AC9D673C220CB6AE00F2F93D /* Info.plist */,
			);
			path = "Business App practice";
			sourceTree = "<group>";
		};
		AC9D6742220CBA5800F2F93D /* Services */ = {
			isa = PBXGroup;
			children = (
				AC9D6743220CBA7300F2F93D /* ServicesTableViewController.swift */,
				AC9D6745220CBA8600F2F93D /* ServicesTableViewCell.swift */,
				AC9D6747220CBB1500F2F93D /* serviceList.plist */,
				AC9D6749220CBBC200F2F93D /* ServicesViewController.swift */,
			);
			path = Services;
			sourceTree = "<group>";
		};
		AC9D674B220CD9AB00F2F93D /* Portfolio */ = {
			isa = PBXGroup;
			children = (
				AC9D674C220CD9C800F2F93D /* PortfolioCollectionViewCell.swift */,
				AC9D674E220CDA1A00F2F93D /* PortfolioUICollectionViewController.swift */,
			);
			path = Portfolio;
			sourceTree = "<group>";
		};
		AC9D6750220CDEFB00F2F93D /* ContactUs */ = {
			isa = PBXGroup;
			children = (
				AC9D6751220CDF0D00F2F93D /* ContactUsViewController.swift */,
				AC3F97B5220DE9E800826C64 /* EmailViewController.swift */,
			);
			path = ContactUs;
			sourceTree = "<group>";
		};
		AC9D6753220CDF2100F2F93D /* About Us */ = {
			isa = PBXGroup;
			children = (
				AC9D6754220CDF3000F2F93D /* AboutUsViewController.swift */,
			);
			path = "About Us";
			sourceTree = "<group>";
		};
/* End PBXGroup section */

/* Begin PBXNativeTarget section */
		AC9D672C220CB6AC00F2F93D /* Business App practice */ = {
			isa = PBXNativeTarget;
			buildConfigurationList = AC9D673F220CB6AE00F2F93D /* Build configuration list for PBXNativeTarget "Business App practice" */;
			buildPhases = (
				AC9D6729220CB6AC00F2F93D /* Sources */,
				AC9D672A220CB6AC00F2F93D /* Frameworks */,
				AC9D672B220CB6AC00F2F93D /* Resources */,
			);
			buildRules = (
			);
			dependencies = (
			);
			name = "Business App practice";
			productName = "Business App practice";
			productReference = AC9D672D220CB6AC00F2F93D /* Business App practice.app */;
			productType = "com.apple.product-type.application";
		};
/* End PBXNativeTarget section */

/* Begin PBXProject section */
		AC9D6725220CB6AC00F2F93D /* Project object */ = {
			isa = PBXProject;
			attributes = {
				LastSwiftUpdateCheck = 1010;
				LastUpgradeCheck = 1010;
				ORGANIZATIONNAME = "Kelly Douglass";
				TargetAttributes = {
					AC9D672C220CB6AC00F2F93D = {
						CreatedOnToolsVersion = 10.1;
					};
				};
			};
			buildConfigurationList = AC9D6728220CB6AC00F2F93D /* Build configuration list for PBXProject "Business App practice" */;
			compatibilityVersion = "Xcode 9.3";
			developmentRegion = en;
			hasScannedForEncodings = 0;
			knownRegions = (
				en,
				Base,
			);
			mainGroup = AC9D6724220CB6AC00F2F93D;
			productRefGroup = AC9D672E220CB6AC00F2F93D /* Products */;
			projectDirPath = "";
			projectRoot = "";
			targets = (
				AC9D672C220CB6AC00F2F93D /* Business App practice */,
			);
		};
/* End PBXProject section */

/* Begin PBXResourcesBuildPhase section */
		AC9D672B220CB6AC00F2F93D /* Resources */ = {
			isa = PBXResourcesBuildPhase;
			buildActionMask = 2147483647;
			files = (
				AC9D6748220CBB1500F2F93D /* serviceList.plist in Resources */,
				AC9D673B220CB6AE00F2F93D /* LaunchScreen.storyboard in Resources */,
				AC9D6738220CB6AE00F2F93D /* Assets.xcassets in Resources */,
				AC3F97C2220E071100826C64 /* socialList.plist in Resources */,
				AC9D6736220CB6AC00F2F93D /* Main.storyboard in Resources */,
			);
			runOnlyForDeploymentPostprocessing = 0;
		};
/* End PBXResourcesBuildPhase section */

/* Begin PBXSourcesBuildPhase section */
		AC9D6729220CB6AC00F2F93D /* Sources */ = {
			isa = PBXSourcesBuildPhase;
			buildActionMask = 2147483647;
			files = (
				AC9D6733220CB6AC00F2F93D /* ViewController.swift in Sources */,
				AC9D6755220CDF3000F2F93D /* AboutUsViewController.swift in Sources */,
				AC3F97C0220E048600826C64 /* SocialViewController.swift in Sources */,
				AC9D6746220CBA8600F2F93D /* ServicesTableViewCell.swift in Sources */,
				AC9D6744220CBA7300F2F93D /* ServicesTableViewController.swift in Sources */,
				AC9D6752220CDF0D00F2F93D /* ContactUsViewController.swift in Sources */,
				AC9D674A220CBBC200F2F93D /* ServicesViewController.swift in Sources */,
				AC9D674F220CDA1A00F2F93D /* PortfolioUICollectionViewController.swift in Sources */,
				AC9D6731220CB6AC00F2F93D /* AppDelegate.swift in Sources */,
				AC9D674D220CD9C800F2F93D /* PortfolioCollectionViewCell.swift in Sources */,
				AC3F97BC220E045F00826C64 /* SocialTableViewController.swift in Sources */,
				AC3F97BE220E047200826C64 /* SocialTableViewCell.swift in Sources */,
				AC3F97B6220DE9E800826C64 /* EmailViewController.swift in Sources */,
			);
			runOnlyForDeploymentPostprocessing = 0;
		};
/* End PBXSourcesBuildPhase section */

/* Begin PBXVariantGroup section */
		AC9D6734220CB6AC00F2F93D /* Main.storyboard */ = {
			isa = PBXVariantGroup;
			children = (
				AC9D6735220CB6AC00F2F93D /* Base */,
			);
			name = Main.storyboard;
			sourceTree = "<group>";
		};
		AC9D6739220CB6AE00F2F93D /* LaunchScreen.storyboard */ = {
			isa = PBXVariantGroup;
			children = (
				AC9D673A220CB6AE00F2F93D /* Base */,
			);
			name = LaunchScreen.storyboard;
			sourceTree = "<group>";
		};
/* End PBXVariantGroup section */

/* Begin XCBuildConfiguration section */
		AC9D673D220CB6AE00F2F93D /* Debug */ = {
			isa = XCBuildConfiguration;
			buildSettings = {
				ALWAYS_SEARCH_USER_PATHS = NO;
				CLANG_ANALYZER_NONNULL = YES;
				CLANG_ANALYZER_NUMBER_OBJECT_CONVERSION = YES_AGGRESSIVE;
				CLANG_CXX_LANGUAGE_STANDARD = "gnu++14";
				CLANG_CXX_LIBRARY = "libc++";
				CLANG_ENABLE_MODULES = YES;
				CLANG_ENABLE_OBJC_ARC = YES;
				CLANG_ENABLE_OBJC_WEAK = YES;
				CLANG_WARN_BLOCK_CAPTURE_AUTORELEASING = YES;
				CLANG_WARN_BOOL_CONVERSION = YES;
				CLANG_WARN_COMMA = YES;
				CLANG_WARN_CONSTANT_CONVERSION = YES;
				CLANG_WARN_DEPRECATED_OBJC_IMPLEMENTATIONS = YES;
				CLANG_WARN_DIRECT_OBJC_ISA_USAGE = YES_ERROR;
				CLANG_WARN_DOCUMENTATION_COMMENTS = YES;
				CLANG_WARN_EMPTY_BODY = YES;
				CLANG_WARN_ENUM_CONVERSION = YES;
				CLANG_WARN_INFINITE_RECURSION = YES;
				CLANG_WARN_INT_CONVERSION = YES;
				CLANG_WARN_NON_LITERAL_NULL_CONVERSION = YES;
				CLANG_WARN_OBJC_IMPLICIT_RETAIN_SELF = YES;
				CLANG_WARN_OBJC_LITERAL_CONVERSION = YES;
				CLANG_WARN_OBJC_ROOT_CLASS = YES_ERROR;
				CLANG_WARN_RANGE_LOOP_ANALYSIS = YES;
				CLANG_WARN_STRICT_PROTOTYPES = YES;
				CLANG_WARN_SUSPICIOUS_MOVE = YES;
				CLANG_WARN_UNGUARDED_AVAILABILITY = YES_AGGRESSIVE;
				CLANG_WARN_UNREACHABLE_CODE = YES;
				CLANG_WARN__DUPLICATE_METHOD_MATCH = YES;
				CODE_SIGN_IDENTITY = "iPhone Developer";
				COPY_PHASE_STRIP = NO;
				DEBUG_INFORMATION_FORMAT = dwarf;
				ENABLE_STRICT_OBJC_MSGSEND = YES;
				ENABLE_TESTABILITY = YES;
				GCC_C_LANGUAGE_STANDARD = gnu11;
				GCC_DYNAMIC_NO_PIC = NO;
				GCC_NO_COMMON_BLOCKS = YES;
				GCC_OPTIMIZATION_LEVEL = 0;
				GCC_PREPROCESSOR_DEFINITIONS = (
					"DEBUG=1",
					"$(inherited)",
				);
				GCC_WARN_64_TO_32_BIT_CONVERSION = YES;
				GCC_WARN_ABOUT_RETURN_TYPE = YES_ERROR;
				GCC_WARN_UNDECLARED_SELECTOR = YES;
				GCC_WARN_UNINITIALIZED_AUTOS = YES_AGGRESSIVE;
				GCC_WARN_UNUSED_FUNCTION = YES;
				GCC_WARN_UNUSED_VARIABLE = YES;
				IPHONEOS_DEPLOYMENT_TARGET = 12.1;
				MTL_ENABLE_DEBUG_INFO = INCLUDE_SOURCE;
				MTL_FAST_MATH = YES;
				ONLY_ACTIVE_ARCH = YES;
				SDKROOT = iphoneos;
				SWIFT_ACTIVE_COMPILATION_CONDITIONS = DEBUG;
				SWIFT_OPTIMIZATION_LEVEL = "-Onone";
			};
			name = Debug;
		};
		AC9D673E220CB6AE00F2F93D /* Release */ = {
			isa = XCBuildConfiguration;
			buildSettings = {
				ALWAYS_SEARCH_USER_PATHS = NO;
				CLANG_ANALYZER_NONNULL = YES;
				CLANG_ANALYZER_NUMBER_OBJECT_CONVERSION = YES_AGGRESSIVE;
				CLANG_CXX_LANGUAGE_STANDARD = "gnu++14";
				CLANG_CXX_LIBRARY = "libc++";
				CLANG_ENABLE_MODULES = YES;
				CLANG_ENABLE_OBJC_ARC = YES;
				CLANG_ENABLE_OBJC_WEAK = YES;
				CLANG_WARN_BLOCK_CAPTURE_AUTORELEASING = YES;
				CLANG_WARN_BOOL_CONVERSION = YES;
				CLANG_WARN_COMMA = YES;
				CLANG_WARN_CONSTANT_CONVERSION = YES;
				CLANG_WARN_DEPRECATED_OBJC_IMPLEMENTATIONS = YES;
				CLANG_WARN_DIRECT_OBJC_ISA_USAGE = YES_ERROR;
				CLANG_WARN_DOCUMENTATION_COMMENTS = YES;
				CLANG_WARN_EMPTY_BODY = YES;
				CLANG_WARN_ENUM_CONVERSION = YES;
				CLANG_WARN_INFINITE_RECURSION = YES;
				CLANG_WARN_INT_CONVERSION = YES;
				CLANG_WARN_NON_LITERAL_NULL_CONVERSION = YES;
				CLANG_WARN_OBJC_IMPLICIT_RETAIN_SELF = YES;
				CLANG_WARN_OBJC_LITERAL_CONVERSION = YES;
				CLANG_WARN_OBJC_ROOT_CLASS = YES_ERROR;
				CLANG_WARN_RANGE_LOOP_ANALYSIS = YES;
				CLANG_WARN_STRICT_PROTOTYPES = YES;
				CLANG_WARN_SUSPICIOUS_MOVE = YES;
				CLANG_WARN_UNGUARDED_AVAILABILITY = YES_AGGRESSIVE;
				CLANG_WARN_UNREACHABLE_CODE = YES;
				CLANG_WARN__DUPLICATE_METHOD_MATCH = YES;
				CODE_SIGN_IDENTITY = "iPhone Developer";
				COPY_PHASE_STRIP = NO;
				DEBUG_INFORMATION_FORMAT = "dwarf-with-dsym";
				ENABLE_NS_ASSERTIONS = NO;
				ENABLE_STRICT_OBJC_MSGSEND = YES;
				GCC_C_LANGUAGE_STANDARD = gnu11;
				GCC_NO_COMMON_BLOCKS = YES;
				GCC_WARN_64_TO_32_BIT_CONVERSION = YES;
				GCC_WARN_ABOUT_RETURN_TYPE = YES_ERROR;
				GCC_WARN_UNDECLARED_SELECTOR = YES;
				GCC_WARN_UNINITIALIZED_AUTOS = YES_AGGRESSIVE;
				GCC_WARN_UNUSED_FUNCTION = YES;
				GCC_WARN_UNUSED_VARIABLE = YES;
				IPHONEOS_DEPLOYMENT_TARGET = 12.1;
				MTL_ENABLE_DEBUG_INFO = NO;
				MTL_FAST_MATH = YES;
				SDKROOT = iphoneos;
				SWIFT_COMPILATION_MODE = wholemodule;
				SWIFT_OPTIMIZATION_LEVEL = "-O";
				VALIDATE_PRODUCT = YES;
			};
			name = Release;
		};
		AC9D6740220CB6AE00F2F93D /* Debug */ = {
			isa = XCBuildConfiguration;
			buildSettings = {
				ASSETCATALOG_COMPILER_APPICON_NAME = AppIcon;
				CODE_SIGN_STYLE = Automatic;
				INFOPLIST_FILE = "Business App practice/Info.plist";
				LD_RUNPATH_SEARCH_PATHS = (
					"$(inherited)",
					"@executable_path/Frameworks",
				);
				PRODUCT_BUNDLE_IDENTIFIER = "com.kellydouglass.Business-App-practice";
				PRODUCT_NAME = "$(TARGET_NAME)";
				SWIFT_VERSION = 4.2;
				TARGETED_DEVICE_FAMILY = "1,2";
			};
			name = Debug;
		};
		AC9D6741220CB6AE00F2F93D /* Release */ = {
			isa = XCBuildConfiguration;
			buildSettings = {
				ASSETCATALOG_COMPILER_APPICON_NAME = AppIcon;
				CODE_SIGN_STYLE = Automatic;
				INFOPLIST_FILE = "Business App practice/Info.plist";
				LD_RUNPATH_SEARCH_PATHS = (
					"$(inherited)",
					"@executable_path/Frameworks",
				);
				PRODUCT_BUNDLE_IDENTIFIER = "com.kellydouglass.Business-App-practice";
				PRODUCT_NAME = "$(TARGET_NAME)";
				SWIFT_VERSION = 4.2;
				TARGETED_DEVICE_FAMILY = "1,2";
			};
			name = Release;
		};
/* End XCBuildConfiguration section */

/* Begin XCConfigurationList section */
		AC9D6728220CB6AC00F2F93D /* Build configuration list for PBXProject "Business App practice" */ = {
			isa = XCConfigurationList;
			buildConfigurations = (
				AC9D673D220CB6AE00F2F93D /* Debug */,
				AC9D673E220CB6AE00F2F93D /* Release */,
			);
			defaultConfigurationIsVisible = 0;
			defaultConfigurationName = Release;
		};
		AC9D673F220CB6AE00F2F93D /* Build configuration list for PBXNativeTarget "Business App practice" */ = {
			isa = XCConfigurationList;
			buildConfigurations = (
				AC9D6740220CB6AE00F2F93D /* Debug */,
				AC9D6741220CB6AE00F2F93D /* Release */,
			);
			defaultConfigurationIsVisible = 0;
			defaultConfigurationName = Release;
		};
/* End XCConfigurationList section */
	};
	rootObject = AC9D6725220CB6AC00F2F93D /* Project object */;
}
